
Microsoft Visual Studio Solution File, Format Version 12.00
# Visual Studio Version 17
VisualStudioVersion = 17.5.002.0
MinimumVisualStudioVersion = 10.0.40219.1
Project("{9A19103F-16F7-4668-BE54-9A1E7A4F7556}") = "slutprojekt prr01", "slutprojekt prr01.csproj", "{4A5B1C31-FD04-4A65-BCF6-3870135BEB36}"
EndProject
Global
	GlobalSection(SolutionConfigurationPlatforms) = preSolution
		Debug|Any CPU = Debug|Any CPU
		Release|Any CPU = Release|Any CPU
	EndGlobalSection
	GlobalSection(ProjectConfigurationPlatforms) = postSolution
		{4A5B1C31-FD04-4A65-BCF6-3870135BEB36}.Debug|Any CPU.ActiveCfg = Debug|Any CPU
		{4A5B1C31-FD04-4A65-BCF6-3870135BEB36}.Debug|Any CPU.Build.0 = Debug|Any CPU
		{4A5B1C31-FD04-4A65-BCF6-3870135BEB36}.Release|Any CPU.ActiveCfg = Release|Any CPU
		{4A5B1C31-FD04-4A65-BCF6-3870135BEB36}.Release|Any CPU.Build.0 = Release|Any CPU
	EndGlobalSection
	GlobalSection(SolutionProperties) = preSolution
		HideSolutionNode = FALSE
	EndGlobalSection
	GlobalSection(ExtensibilityGlobals) = postSolution
		SolutionGuid = {612C391B-7219-4078-82F6-21658608AD63}
	EndGlobalSection
EndGlobal
